
Microsoft Visual Studio Solution File, Format Version 12.00
# Visual Studio 15
VisualStudioVersion = 15.0.28307.168
MinimumVisualStudioVersion = 10.0.40219.1
Project("{9A19103F-16F7-4668-BE54-9A1E7A4F7556}") = "api", "api\api.csproj", "{52F14147-9E87-441D-A13D-1855D27D8C8E}"
EndProject
Global
	GlobalSection(SolutionConfigurationPlatforms) = preSolution
		Debug|Any CPU = Debug|Any CPU
		Release|Any CPU = Release|Any CPU
	EndGlobalSection
	GlobalSection(ProjectConfigurationPlatforms) = postSolution
		{52F14147-9E87-441D-A13D-1855D27D8C8E}.Debug|Any CPU.ActiveCfg = Debug|Any CPU
		{52F14147-9E87-441D-A13D-1855D27D8C8E}.Debug|Any CPU.Build.0 = Debug|Any CPU
		{52F14147-9E87-441D-A13D-1855D27D8C8E}.Release|Any CPU.ActiveCfg = Release|Any CPU
		{52F14147-9E87-441D-A13D-1855D27D8C8E}.Release|Any CPU.Build.0 = Release|Any CPU
	EndGlobalSection
	GlobalSection(SolutionProperties) = preSolution
		HideSolutionNode = FALSE
	EndGlobalSection
	GlobalSection(ExtensibilityGlobals) = postSolution
		SolutionGuid = {00F2EDB3-526C-43A9-A6CF-AA9CE90EF921}
	EndGlobalSection
EndGlobal
